
Microsoft Visual Studio Solution File, Format Version 12.00
# Visual Studio Version 17
VisualStudioVersion = 17.5.002.0
MinimumVisualStudioVersion = 10.0.40219.1
Project("{9A19103F-16F7-4668-BE54-9A1E7A4F7556}") = "PassXYZ.Vault", "PassXYZ.Vault.csproj", "{526CAACF-1E53-4F01-ADEA-09A3D0B28032}"
EndProject
Global
	GlobalSection(SolutionConfigurationPlatforms) = preSolution
		Debug|Any CPU = Debug|Any CPU
		Release|Any CPU = Release|Any CPU
	EndGlobalSection
	GlobalSection(ProjectConfigurationPlatforms) = postSolution
		{526CAACF-1E53-4F01-ADEA-09A3D0B28032}.Debug|Any CPU.ActiveCfg = Debug|Any CPU
		{526CAACF-1E53-4F01-ADEA-09A3D0B28032}.Debug|Any CPU.Build.0 = Debug|Any CPU
		{526CAACF-1E53-4F01-ADEA-09A3D0B28032}.Debug|Any CPU.Deploy.0 = Debug|Any CPU
		{526CAACF-1E53-4F01-ADEA-09A3D0B28032}.Release|Any CPU.ActiveCfg = Release|Any CPU
		{526CAACF-1E53-4F01-ADEA-09A3D0B28032}.Release|Any CPU.Build.0 = Release|Any CPU
	EndGlobalSection
	GlobalSection(SolutionProperties) = preSolution
		HideSolutionNode = FALSE
	EndGlobalSection
	GlobalSection(ExtensibilityGlobals) = postSolution
		SolutionGuid = {15A87177-D98A-4CA1-A0BC-2111ED71BC6F}
	EndGlobalSection
EndGlobal
