
Microsoft Visual Studio Solution File, Format Version 12.00
# Visual Studio Version 17
VisualStudioVersion = 17.10.34928.147
MinimumVisualStudioVersion = 10.0.40219.1
Project("{FAE04EC0-301F-11D3-BF4B-00C04F79EFBC}") = "RecipesApp", "RecipesApp.csproj", "{3BAC590E-E851-4CFB-80AD-C460056C9938}"
EndProject
Global
	GlobalSection(SolutionConfigurationPlatforms) = preSolution
		Debug|Any CPU = Debug|Any CPU
		Release|Any CPU = Release|Any CPU
	EndGlobalSection
	GlobalSection(ProjectConfigurationPlatforms) = postSolution
		{3BAC590E-E851-4CFB-80AD-C460056C9938}.Debug|Any CPU.ActiveCfg = Debug|Any CPU
		{3BAC590E-E851-4CFB-80AD-C460056C9938}.Debug|Any CPU.Build.0 = Debug|Any CPU
		{3BAC590E-E851-4CFB-80AD-C460056C9938}.Debug|Any CPU.Deploy.0 = Debug|Any CPU
		{3BAC590E-E851-4CFB-80AD-C460056C9938}.Release|Any CPU.ActiveCfg = Release|Any CPU
		{3BAC590E-E851-4CFB-80AD-C460056C9938}.Release|Any CPU.Build.0 = Release|Any CPU
		{3BAC590E-E851-4CFB-80AD-C460056C9938}.Release|Any CPU.Deploy.0 = Release|Any CPU
	EndGlobalSection
	GlobalSection(SolutionProperties) = preSolution
		HideSolutionNode = FALSE
	EndGlobalSection
	GlobalSection(ExtensibilityGlobals) = postSolution
		SolutionGuid = {6F25CF55-6DCF-4EBA-8A97-2387CF7D70EB}
	EndGlobalSection
EndGlobal
