
Microsoft Visual Studio Solution File, Format Version 12.00
# Visual Studio Version 17
VisualStudioVersion = 17.8.34525.116
MinimumVisualStudioVersion = 10.0.40219.1
Project("{FAE04EC0-301F-11D3-BF4B-00C04F79EFBC}") = "BlazorWebAssembly", "BlazorWebAssembly\BlazorWebAssembly.csproj", "{51F3513B-7E7C-44E4-BED2-26669F59EF2D}"
EndProject
Project("{FAE04EC0-301F-11D3-BF4B-00C04F79EFBC}") = "BlazorServer", "BlazorServer\BlazorServer.csproj", "{99C19A02-419A-4837-B6C6-F4FC9AFEC90A}"
EndProject
Project("{FAE04EC0-301F-11D3-BF4B-00C04F79EFBC}") = "BlazorWebApp", "BlazorWebApp\BlazorWebApp.csproj", "{BD5C3BDF-8202-4145-B1CC-A4D16E921AC0}"
EndProject
Project("{FAE04EC0-301F-11D3-BF4B-00C04F79EFBC}") = "BlazorHybrid", "BlazorHybrid\BlazorHybrid.csproj", "{2D4D96CC-82ED-491A-91BB-B615018918D6}"
EndProject
Global
	GlobalSection(SolutionConfigurationPlatforms) = preSolution
		Debug|Any CPU = Debug|Any CPU
		Release|Any CPU = Release|Any CPU
	EndGlobalSection
	GlobalSection(ProjectConfigurationPlatforms) = postSolution
		{51F3513B-7E7C-44E4-BED2-26669F59EF2D}.Debug|Any CPU.ActiveCfg = Debug|Any CPU
		{51F3513B-7E7C-44E4-BED2-26669F59EF2D}.Debug|Any CPU.Build.0 = Debug|Any CPU
		{51F3513B-7E7C-44E4-BED2-26669F59EF2D}.Release|Any CPU.ActiveCfg = Release|Any CPU
		{51F3513B-7E7C-44E4-BED2-26669F59EF2D}.Release|Any CPU.Build.0 = Release|Any CPU
		{99C19A02-419A-4837-B6C6-F4FC9AFEC90A}.Debug|Any CPU.ActiveCfg = Debug|Any CPU
		{99C19A02-419A-4837-B6C6-F4FC9AFEC90A}.Debug|Any CPU.Build.0 = Debug|Any CPU
		{99C19A02-419A-4837-B6C6-F4FC9AFEC90A}.Release|Any CPU.ActiveCfg = Release|Any CPU
		{99C19A02-419A-4837-B6C6-F4FC9AFEC90A}.Release|Any CPU.Build.0 = Release|Any CPU
		{BD5C3BDF-8202-4145-B1CC-A4D16E921AC0}.Debug|Any CPU.ActiveCfg = Debug|Any CPU
		{BD5C3BDF-8202-4145-B1CC-A4D16E921AC0}.Debug|Any CPU.Build.0 = Debug|Any CPU
		{BD5C3BDF-8202-4145-B1CC-A4D16E921AC0}.Release|Any CPU.ActiveCfg = Release|Any CPU
		{BD5C3BDF-8202-4145-B1CC-A4D16E921AC0}.Release|Any CPU.Build.0 = Release|Any CPU
		{2D4D96CC-82ED-491A-91BB-B615018918D6}.Debug|Any CPU.ActiveCfg = Debug|Any CPU
		{2D4D96CC-82ED-491A-91BB-B615018918D6}.Debug|Any CPU.Build.0 = Debug|Any CPU
		{2D4D96CC-82ED-491A-91BB-B615018918D6}.Debug|Any CPU.Deploy.0 = Debug|Any CPU
		{2D4D96CC-82ED-491A-91BB-B615018918D6}.Release|Any CPU.ActiveCfg = Release|Any CPU
		{2D4D96CC-82ED-491A-91BB-B615018918D6}.Release|Any CPU.Build.0 = Release|Any CPU
		{2D4D96CC-82ED-491A-91BB-B615018918D6}.Release|Any CPU.Deploy.0 = Release|Any CPU
	EndGlobalSection
	GlobalSection(SolutionProperties) = preSolution
		HideSolutionNode = FALSE
	EndGlobalSection
	GlobalSection(ExtensibilityGlobals) = postSolution
		SolutionGuid = {38709860-574C-45F5-B107-2A5475EE363B}
	EndGlobalSection
EndGlobal
