
Microsoft Visual Studio Solution File, Format Version 12.00
# Visual Studio Version 17
VisualStudioVersion = 17.0.31903.59
MinimumVisualStudioVersion = 10.0.40219.1
Project("{9A19103F-16F7-4668-BE54-9A1E7A4F7556}") = "BlazorServer", "BlazorServer\BlazorServer.csproj", "{57A1CA69-D663-483A-A8DD-FA6CC95C0F89}"
EndProject
Project("{9A19103F-16F7-4668-BE54-9A1E7A4F7556}") = "BlazorWebAssembly.Server", "BlazorWebAssembly\Server\BlazorWebAssembly.Server.csproj", "{F5176A9D-F568-4BFC-967A-B788915D35E1}"
EndProject
Project("{9A19103F-16F7-4668-BE54-9A1E7A4F7556}") = "BlazorWebAssembly.Client", "BlazorWebAssembly\Client\BlazorWebAssembly.Client.csproj", "{A8F3AEE5-77D8-4DA0-8930-E090C0A6B877}"
EndProject
Project("{9A19103F-16F7-4668-BE54-9A1E7A4F7556}") = "BlazorWebAssembly.Shared", "BlazorWebAssembly\Shared\BlazorWebAssembly.Shared.csproj", "{7A1D0B93-20D1-4F66-9BAC-DE86FBF10D5C}"
EndProject
Project("{9A19103F-16F7-4668-BE54-9A1E7A4F7556}") = "Data", "Data\Data.csproj", "{2FFCFCCF-E536-4E07-A420-8FC32E056C1F}"
EndProject
Project("{9A19103F-16F7-4668-BE54-9A1E7A4F7556}") = "Data.Models", "Data.Models\Data.Models.csproj", "{7A76B126-E395-4D79-9FF4-C1C39FC3998E}"
EndProject
Project("{9A19103F-16F7-4668-BE54-9A1E7A4F7556}") = "Components", "Components\Components.csproj", "{18227529-8B6F-4C13-BC8C-AF313028AB7B}"
EndProject
Global
	GlobalSection(SolutionConfigurationPlatforms) = preSolution
		Debug|Any CPU = Debug|Any CPU
		Release|Any CPU = Release|Any CPU
	EndGlobalSection
	GlobalSection(ProjectConfigurationPlatforms) = postSolution
		{57A1CA69-D663-483A-A8DD-FA6CC95C0F89}.Debug|Any CPU.ActiveCfg = Debug|Any CPU
		{57A1CA69-D663-483A-A8DD-FA6CC95C0F89}.Debug|Any CPU.Build.0 = Debug|Any CPU
		{57A1CA69-D663-483A-A8DD-FA6CC95C0F89}.Release|Any CPU.ActiveCfg = Release|Any CPU
		{57A1CA69-D663-483A-A8DD-FA6CC95C0F89}.Release|Any CPU.Build.0 = Release|Any CPU
		{F5176A9D-F568-4BFC-967A-B788915D35E1}.Debug|Any CPU.ActiveCfg = Debug|Any CPU
		{F5176A9D-F568-4BFC-967A-B788915D35E1}.Debug|Any CPU.Build.0 = Debug|Any CPU
		{F5176A9D-F568-4BFC-967A-B788915D35E1}.Release|Any CPU.ActiveCfg = Release|Any CPU
		{F5176A9D-F568-4BFC-967A-B788915D35E1}.Release|Any CPU.Build.0 = Release|Any CPU
		{A8F3AEE5-77D8-4DA0-8930-E090C0A6B877}.Debug|Any CPU.ActiveCfg = Debug|Any CPU
		{A8F3AEE5-77D8-4DA0-8930-E090C0A6B877}.Debug|Any CPU.Build.0 = Debug|Any CPU
		{A8F3AEE5-77D8-4DA0-8930-E090C0A6B877}.Release|Any CPU.ActiveCfg = Release|Any CPU
		{A8F3AEE5-77D8-4DA0-8930-E090C0A6B877}.Release|Any CPU.Build.0 = Release|Any CPU
		{7A1D0B93-20D1-4F66-9BAC-DE86FBF10D5C}.Debug|Any CPU.ActiveCfg = Debug|Any CPU
		{7A1D0B93-20D1-4F66-9BAC-DE86FBF10D5C}.Debug|Any CPU.Build.0 = Debug|Any CPU
		{7A1D0B93-20D1-4F66-9BAC-DE86FBF10D5C}.Release|Any CPU.ActiveCfg = Release|Any CPU
		{7A1D0B93-20D1-4F66-9BAC-DE86FBF10D5C}.Release|Any CPU.Build.0 = Release|Any CPU
		{2FFCFCCF-E536-4E07-A420-8FC32E056C1F}.Debug|Any CPU.ActiveCfg = Debug|Any CPU
		{2FFCFCCF-E536-4E07-A420-8FC32E056C1F}.Debug|Any CPU.Build.0 = Debug|Any CPU
		{2FFCFCCF-E536-4E07-A420-8FC32E056C1F}.Release|Any CPU.ActiveCfg = Release|Any CPU
		{2FFCFCCF-E536-4E07-A420-8FC32E056C1F}.Release|Any CPU.Build.0 = Release|Any CPU
		{7A76B126-E395-4D79-9FF4-C1C39FC3998E}.Debug|Any CPU.ActiveCfg = Debug|Any CPU
		{7A76B126-E395-4D79-9FF4-C1C39FC3998E}.Debug|Any CPU.Build.0 = Debug|Any CPU
		{7A76B126-E395-4D79-9FF4-C1C39FC3998E}.Release|Any CPU.ActiveCfg = Release|Any CPU
		{7A76B126-E395-4D79-9FF4-C1C39FC3998E}.Release|Any CPU.Build.0 = Release|Any CPU
		{18227529-8B6F-4C13-BC8C-AF313028AB7B}.Debug|Any CPU.ActiveCfg = Debug|Any CPU
		{18227529-8B6F-4C13-BC8C-AF313028AB7B}.Debug|Any CPU.Build.0 = Debug|Any CPU
		{18227529-8B6F-4C13-BC8C-AF313028AB7B}.Release|Any CPU.ActiveCfg = Release|Any CPU
		{18227529-8B6F-4C13-BC8C-AF313028AB7B}.Release|Any CPU.Build.0 = Release|Any CPU
	EndGlobalSection
	GlobalSection(SolutionProperties) = preSolution
		HideSolutionNode = FALSE
	EndGlobalSection
	GlobalSection(ExtensibilityGlobals) = postSolution
		SolutionGuid = {4A8D6544-224D-40F3-9E5C-B5512F04D361}
	EndGlobalSection
EndGlobal
