
Microsoft Visual Studio Solution File, Format Version 12.00
# Visual Studio Version 17
VisualStudioVersion = 17.8.34525.116
MinimumVisualStudioVersion = 10.0.40219.1
Project("{FAE04EC0-301F-11D3-BF4B-00C04F79EFBC}") = "BlazorHybridMaps", "BlazorHybridMaps.csproj", "{C0E69228-EA42-40F7-9D4F-0091E1025F52}"
EndProject
Global
	GlobalSection(SolutionConfigurationPlatforms) = preSolution
		Debug|Any CPU = Debug|Any CPU
		Release|Any CPU = Release|Any CPU
	EndGlobalSection
	GlobalSection(ProjectConfigurationPlatforms) = postSolution
		{C0E69228-EA42-40F7-9D4F-0091E1025F52}.Debug|Any CPU.ActiveCfg = Debug|Any CPU
		{C0E69228-EA42-40F7-9D4F-0091E1025F52}.Debug|Any CPU.Build.0 = Debug|Any CPU
		{C0E69228-EA42-40F7-9D4F-0091E1025F52}.Debug|Any CPU.Deploy.0 = Debug|Any CPU
		{C0E69228-EA42-40F7-9D4F-0091E1025F52}.Release|Any CPU.ActiveCfg = Release|Any CPU
		{C0E69228-EA42-40F7-9D4F-0091E1025F52}.Release|Any CPU.Build.0 = Release|Any CPU
		{C0E69228-EA42-40F7-9D4F-0091E1025F52}.Release|Any CPU.Deploy.0 = Release|Any CPU
	EndGlobalSection
	GlobalSection(SolutionProperties) = preSolution
		HideSolutionNode = FALSE
	EndGlobalSection
	GlobalSection(ExtensibilityGlobals) = postSolution
		SolutionGuid = {C846D212-DB6F-4DDA-9D79-D6788CB0CFED}
	EndGlobalSection
EndGlobal
