
Microsoft Visual Studio Solution File, Format Version 12.00
# Visual Studio Version 17
VisualStudioVersion = 17.8.34525.116
MinimumVisualStudioVersion = 10.0.40219.1
Project("{9A19103F-16F7-4668-BE54-9A1E7A4F7556}") = "BlazorWebAssembly", "BlazorWebAssembly\BlazorWebAssembly.csproj", "{1FC543C8-71A0-44DA-8D82-4E2B54A42C11}"
EndProject
Project("{FAE04EC0-301F-11D3-BF4B-00C04F79EFBC}") = "WebAPI", "WebAPI\WebAPI.csproj", "{B6A90887-4B43-4DA3-B6D0-CFFA107D29F5}"
EndProject
Global
	GlobalSection(SolutionConfigurationPlatforms) = preSolution
		Debug|Any CPU = Debug|Any CPU
		Release|Any CPU = Release|Any CPU
	EndGlobalSection
	GlobalSection(ProjectConfigurationPlatforms) = postSolution
		{1FC543C8-71A0-44DA-8D82-4E2B54A42C11}.Debug|Any CPU.ActiveCfg = Debug|Any CPU
		{1FC543C8-71A0-44DA-8D82-4E2B54A42C11}.Debug|Any CPU.Build.0 = Debug|Any CPU
		{1FC543C8-71A0-44DA-8D82-4E2B54A42C11}.Release|Any CPU.ActiveCfg = Release|Any CPU
		{1FC543C8-71A0-44DA-8D82-4E2B54A42C11}.Release|Any CPU.Build.0 = Release|Any CPU
		{B6A90887-4B43-4DA3-B6D0-CFFA107D29F5}.Debug|Any CPU.ActiveCfg = Debug|Any CPU
		{B6A90887-4B43-4DA3-B6D0-CFFA107D29F5}.Debug|Any CPU.Build.0 = Debug|Any CPU
		{B6A90887-4B43-4DA3-B6D0-CFFA107D29F5}.Release|Any CPU.ActiveCfg = Release|Any CPU
		{B6A90887-4B43-4DA3-B6D0-CFFA107D29F5}.Release|Any CPU.Build.0 = Release|Any CPU
	EndGlobalSection
	GlobalSection(SolutionProperties) = preSolution
		HideSolutionNode = FALSE
	EndGlobalSection
	GlobalSection(ExtensibilityGlobals) = postSolution
		SolutionGuid = {F6713C1C-B682-41D6-A242-687C431C4CB7}
	EndGlobalSection
EndGlobal
