
Microsoft Visual Studio Solution File, Format Version 12.00
# Visual Studio Version 17
VisualStudioVersion = 17.8.34525.116
MinimumVisualStudioVersion = 10.0.40219.1
Project("{9A19103F-16F7-4668-BE54-9A1E7A4F7556}") = "WebShopAPI", "WebShopAPI\WebShopAPI.csproj", "{59B55139-905B-4A42-994C-2B0D5F52904B}"
EndProject
Project("{FAE04EC0-301F-11D3-BF4B-00C04F79EFBC}") = "WebShopMAUI", "WebShopMAUI\WebShopMAUI.csproj", "{F62B3F04-68E1-4423-9C05-1C40317D0E3E}"
EndProject
Project("{FAE04EC0-301F-11D3-BF4B-00C04F79EFBC}") = "WebShopWeb", "WebShopWeb\WebShopWeb.csproj", "{60DC5A70-E177-47B2-B2D1-06A1311FECAF}"
EndProject
Global
	GlobalSection(SolutionConfigurationPlatforms) = preSolution
		Debug|Any CPU = Debug|Any CPU
		Release|Any CPU = Release|Any CPU
	EndGlobalSection
	GlobalSection(ProjectConfigurationPlatforms) = postSolution
		{59B55139-905B-4A42-994C-2B0D5F52904B}.Debug|Any CPU.ActiveCfg = Debug|Any CPU
		{59B55139-905B-4A42-994C-2B0D5F52904B}.Debug|Any CPU.Build.0 = Debug|Any CPU
		{59B55139-905B-4A42-994C-2B0D5F52904B}.Release|Any CPU.ActiveCfg = Release|Any CPU
		{59B55139-905B-4A42-994C-2B0D5F52904B}.Release|Any CPU.Build.0 = Release|Any CPU
		{F62B3F04-68E1-4423-9C05-1C40317D0E3E}.Debug|Any CPU.ActiveCfg = Debug|Any CPU
		{F62B3F04-68E1-4423-9C05-1C40317D0E3E}.Debug|Any CPU.Build.0 = Debug|Any CPU
		{F62B3F04-68E1-4423-9C05-1C40317D0E3E}.Debug|Any CPU.Deploy.0 = Debug|Any CPU
		{F62B3F04-68E1-4423-9C05-1C40317D0E3E}.Release|Any CPU.ActiveCfg = Release|Any CPU
		{F62B3F04-68E1-4423-9C05-1C40317D0E3E}.Release|Any CPU.Build.0 = Release|Any CPU
		{F62B3F04-68E1-4423-9C05-1C40317D0E3E}.Release|Any CPU.Deploy.0 = Release|Any CPU
		{60DC5A70-E177-47B2-B2D1-06A1311FECAF}.Debug|Any CPU.ActiveCfg = Debug|Any CPU
		{60DC5A70-E177-47B2-B2D1-06A1311FECAF}.Debug|Any CPU.Build.0 = Debug|Any CPU
		{60DC5A70-E177-47B2-B2D1-06A1311FECAF}.Release|Any CPU.ActiveCfg = Release|Any CPU
		{60DC5A70-E177-47B2-B2D1-06A1311FECAF}.Release|Any CPU.Build.0 = Release|Any CPU
	EndGlobalSection
	GlobalSection(SolutionProperties) = preSolution
		HideSolutionNode = FALSE
	EndGlobalSection
	GlobalSection(ExtensibilityGlobals) = postSolution
		SolutionGuid = {3E1867A4-1E6E-4873-A9FD-D6420BF48965}
	EndGlobalSection
EndGlobal
